
Microsoft Visual Studio Solution File, Format Version 12.00
# Visual Studio 14
VisualStudioVersion = 14.0.25123.0
MinimumVisualStudioVersion = 10.0.40219.1
Project("{FAE04EC0-301F-11D3-BF4B-00C04F79EFBC}") = "KidHelper.Core", "KidHelper\KidHelper.Core\KidHelper.Core.csproj", "{6CB811A5-A2AF-42F9-AF33-D63FFD6FCD75}"
EndProject
Project("{FAE04EC0-301F-11D3-BF4B-00C04F79EFBC}") = "KidHelper.Droid", "KidHelper\KidHelper.Droid\KidHelper.Droid.csproj", "{A4CDF769-E1CA-40CB-970E-AE7DA2E25583}"
EndProject
Global
	GlobalSection(SolutionConfigurationPlatforms) = preSolution
		Debug|Any CPU = Debug|Any CPU
		Debug|ARM = Debug|ARM
		Debug|iPhone = Debug|iPhone
		Debug|iPhoneSimulator = Debug|iPhoneSimulator
		Debug|x86 = Debug|x86
		Release|Any CPU = Release|Any CPU
		Release|ARM = Release|ARM
		Release|iPhone = Release|iPhone
		Release|iPhoneSimulator = Release|iPhoneSimulator
		Release|x86 = Release|x86
	EndGlobalSection
	GlobalSection(ProjectConfigurationPlatforms) = postSolution
		{6CB811A5-A2AF-42F9-AF33-D63FFD6FCD75}.Debug|Any CPU.ActiveCfg = Debug|Any CPU
		{6CB811A5-A2AF-42F9-AF33-D63FFD6FCD75}.Debug|Any CPU.Build.0 = Debug|Any CPU
		{6CB811A5-A2AF-42F9-AF33-D63FFD6FCD75}.Debug|ARM.ActiveCfg = Debug|Any CPU
		{6CB811A5-A2AF-42F9-AF33-D63FFD6FCD75}.Debug|ARM.Build.0 = Debug|Any CPU
		{6CB811A5-A2AF-42F9-AF33-D63FFD6FCD75}.Debug|iPhone.ActiveCfg = Debug|Any CPU
		{6CB811A5-A2AF-42F9-AF33-D63FFD6FCD75}.Debug|iPhone.Build.0 = Debug|Any CPU
		{6CB811A5-A2AF-42F9-AF33-D63FFD6FCD75}.Debug|iPhoneSimulator.ActiveCfg = Debug|Any CPU
		{6CB811A5-A2AF-42F9-AF33-D63FFD6FCD75}.Debug|iPhoneSimulator.Build.0 = Debug|Any CPU
		{6CB811A5-A2AF-42F9-AF33-D63FFD6FCD75}.Debug|x86.ActiveCfg = Debug|Any CPU
		{6CB811A5-A2AF-42F9-AF33-D63FFD6FCD75}.Debug|x86.Build.0 = Debug|Any CPU
		{6CB811A5-A2AF-42F9-AF33-D63FFD6FCD75}.Release|Any CPU.ActiveCfg = Release|Any CPU
		{6CB811A5-A2AF-42F9-AF33-D63FFD6FCD75}.Release|Any CPU.Build.0 = Release|Any CPU
		{6CB811A5-A2AF-42F9-AF33-D63FFD6FCD75}.Release|ARM.ActiveCfg = Release|Any CPU
		{6CB811A5-A2AF-42F9-AF33-D63FFD6FCD75}.Release|ARM.Build.0 = Release|Any CPU
		{6CB811A5-A2AF-42F9-AF33-D63FFD6FCD75}.Release|iPhone.ActiveCfg = Release|Any CPU
		{6CB811A5-A2AF-42F9-AF33-D63FFD6FCD75}.Release|iPhone.Build.0 = Release|Any CPU
		{6CB811A5-A2AF-42F9-AF33-D63FFD6FCD75}.Release|iPhoneSimulator.ActiveCfg = Release|Any CPU
		{6CB811A5-A2AF-42F9-AF33-D63FFD6FCD75}.Release|iPhoneSimulator.Build.0 = Release|Any CPU
		{6CB811A5-A2AF-42F9-AF33-D63FFD6FCD75}.Release|x86.ActiveCfg = Release|Any CPU
		{6CB811A5-A2AF-42F9-AF33-D63FFD6FCD75}.Release|x86.Build.0 = Release|Any CPU
		{A4CDF769-E1CA-40CB-970E-AE7DA2E25583}.Debug|Any CPU.ActiveCfg = Debug|Any CPU
		{A4CDF769-E1CA-40CB-970E-AE7DA2E25583}.Debug|Any CPU.Build.0 = Debug|Any CPU
		{A4CDF769-E1CA-40CB-970E-AE7DA2E25583}.Debug|Any CPU.Deploy.0 = Debug|Any CPU
		{A4CDF769-E1CA-40CB-970E-AE7DA2E25583}.Debug|ARM.ActiveCfg = Debug|Any CPU
		{A4CDF769-E1CA-40CB-970E-AE7DA2E25583}.Debug|ARM.Build.0 = Debug|Any CPU
		{A4CDF769-E1CA-40CB-970E-AE7DA2E25583}.Debug|ARM.Deploy.0 = Debug|Any CPU
		{A4CDF769-E1CA-40CB-970E-AE7DA2E25583}.Debug|iPhone.ActiveCfg = Debug|Any CPU
		{A4CDF769-E1CA-40CB-970E-AE7DA2E25583}.Debug|iPhone.Build.0 = Debug|Any CPU
		{A4CDF769-E1CA-40CB-970E-AE7DA2E25583}.Debug|iPhone.Deploy.0 = Debug|Any CPU
		{A4CDF769-E1CA-40CB-970E-AE7DA2E25583}.Debug|iPhoneSimulator.ActiveCfg = Debug|Any CPU
		{A4CDF769-E1CA-40CB-970E-AE7DA2E25583}.Debug|iPhoneSimulator.Build.0 = Debug|Any CPU
		{A4CDF769-E1CA-40CB-970E-AE7DA2E25583}.Debug|iPhoneSimulator.Deploy.0 = Debug|Any CPU
		{A4CDF769-E1CA-40CB-970E-AE7DA2E25583}.Debug|x86.ActiveCfg = Debug|Any CPU
		{A4CDF769-E1CA-40CB-970E-AE7DA2E25583}.Debug|x86.Build.0 = Debug|Any CPU
		{A4CDF769-E1CA-40CB-970E-AE7DA2E25583}.Debug|x86.Deploy.0 = Debug|Any CPU
		{A4CDF769-E1CA-40CB-970E-AE7DA2E25583}.Release|Any CPU.ActiveCfg = Release|Any CPU
		{A4CDF769-E1CA-40CB-970E-AE7DA2E25583}.Release|Any CPU.Build.0 = Release|Any CPU
		{A4CDF769-E1CA-40CB-970E-AE7DA2E25583}.Release|Any CPU.Deploy.0 = Release|Any CPU
		{A4CDF769-E1CA-40CB-970E-AE7DA2E25583}.Release|ARM.ActiveCfg = Release|Any CPU
		{A4CDF769-E1CA-40CB-970E-AE7DA2E25583}.Release|ARM.Build.0 = Release|Any CPU
		{A4CDF769-E1CA-40CB-970E-AE7DA2E25583}.Release|ARM.Deploy.0 = Release|Any CPU
		{A4CDF769-E1CA-40CB-970E-AE7DA2E25583}.Release|iPhone.ActiveCfg = Release|Any CPU
		{A4CDF769-E1CA-40CB-970E-AE7DA2E25583}.Release|iPhone.Build.0 = Release|Any CPU
		{A4CDF769-E1CA-40CB-970E-AE7DA2E25583}.Release|iPhone.Deploy.0 = Release|Any CPU
		{A4CDF769-E1CA-40CB-970E-AE7DA2E25583}.Release|iPhoneSimulator.ActiveCfg = Release|Any CPU
		{A4CDF769-E1CA-40CB-970E-AE7DA2E25583}.Release|iPhoneSimulator.Build.0 = Release|Any CPU
		{A4CDF769-E1CA-40CB-970E-AE7DA2E25583}.Release|iPhoneSimulator.Deploy.0 = Release|Any CPU
		{A4CDF769-E1CA-40CB-970E-AE7DA2E25583}.Release|x86.ActiveCfg = Release|Any CPU
		{A4CDF769-E1CA-40CB-970E-AE7DA2E25583}.Release|x86.Build.0 = Release|Any CPU
		{A4CDF769-E1CA-40CB-970E-AE7DA2E25583}.Release|x86.Deploy.0 = Release|Any CPU
	EndGlobalSection
	GlobalSection(SolutionProperties) = preSolution
		HideSolutionNode = FALSE
	EndGlobalSection
EndGlobal
